<?xml version="1.0" encoding="utf-8"?>
<Project ToolsVersion="4.0" xmlns="http://schemas.microsoft.com/developer/msbuild/2003">
  <ItemGroup>
    <Filter Include="Source Files">
      <UniqueIdentifier>{b0cae1fb-a34d-4489-b032-9a39061ebae3}</UniqueIdentifier>
      <Extensions>cpp;c;cxx;rc;def;r;odl;idl;hpj;bat</Extensions>
    </Filter>
    <Filter Include="Header Files">
      <UniqueIdentifier>{68e6c2d5-20fa-474a-8262-cbb4b466c0be}</UniqueIdentifier>
      <Extensions>h;hpp;hxx;hm;inl</Extensions>
    </Filter>
  </ItemGroup>
  <ItemGroup>
    <ClCompile Include="cdxfile.cpp">
      <Filter>Source Files</Filter>
    </ClCompile>
    <ClCompile Include="cdximage.cpp">
      <Filter>Source Files</Filter>
    </ClCompile>
    <ClCompile Include="cdximagebase.cpp">
      <Filter>Source Files</Filter>
    </ClCompile>
    <ClCompile Include="cdximagebmp.cpp">
      <Filter>Source Files</Filter>
    </ClCompile>
    <ClCompile Include="cdximagejpg.cpp">
      <Filter>Source Files</Filter>
    </ClCompile>
    <ClCompile Include="cdximagepcx.cpp">
      <Filter>Source Files</Filter>
    </ClCompile>
    <ClCompile Include="cdximagepng.cpp">
      <Filter>Source Files</Filter>
    </ClCompile>
    <ClCompile Include="cdximagepsd.cpp">
      <Filter>Source Files</Filter>
    </ClCompile>
    <ClCompile Include="cdximagetga.cpp">
      <Filter>Source Files</Filter>
    </ClCompile>
    <ClCompile Include="cdxinput.cpp">
      <Filter>Source Files</Filter>
    </ClCompile>
    <ClCompile Include="cdxiso.cpp">
      <Filter>Source Files</Filter>
    </ClCompile>
    <ClCompile Include="cdxlayer.cpp">
      <Filter>Source Files</Filter>
    </ClCompile>
    <ClCompile Include="cdxlog.cpp">
      <Filter>Source Files</Filter>
    </ClCompile>
    <ClCompile Include="cdxmap.cpp">
      <Filter>Source Files</Filter>
    </ClCompile>
    <ClCompile Include="cdxmapcell.cpp">
      <Filter>Source Files</Filter>
    </ClCompile>
    <ClCompile Include="cdxmusic.cpp">
      <Filter>Source Files</Filter>
    </ClCompile>
    <ClCompile Include="cdxmusiccd.cpp">
      <Filter>Source Files</Filter>
    </ClCompile>
    <ClCompile Include="cdxresource.cpp">
      <Filter>Source Files</Filter>
    </ClCompile>
    <ClCompile Include="cdxscreen.cpp">
      <Filter>Source Files</Filter>
    </ClCompile>
    <ClCompile Include="cdxsound.cpp">
      <Filter>Source Files</Filter>
    </ClCompile>
    <ClCompile Include="cdxsoundbuffer.cpp">
      <Filter>Source Files</Filter>
    </ClCompile>
    <ClCompile Include="cdxsprite.cpp">
      <Filter>Source Files</Filter>
    </ClCompile>
    <ClCompile Include="cdxspritelist.cpp">
      <Filter>Source Files</Filter>
    </ClCompile>
    <ClCompile Include="cdxsurface.cpp">
      <Filter>Source Files</Filter>
    </ClCompile>
    <ClCompile Include="cdxtile.cpp">
      <Filter>Source Files</Filter>
    </ClCompile>
    <ClCompile Include="ddutils.cpp">
      <Filter>Source Files</Filter>
    </ClCompile>
    <ClCompile Include="dxerrors.cpp">
      <Filter>Source Files</Filter>
    </ClCompile>
  </ItemGroup>
  <ItemGroup>
    <ClInclude Include="cdx.h">
      <Filter>Header Files</Filter>
    </ClInclude>
    <ClInclude Include="cdxclist.h">
      <Filter>Header Files</Filter>
    </ClInclude>
    <ClInclude Include="cdxfile.h">
      <Filter>Header Files</Filter>
    </ClInclude>
    <ClInclude Include="cdximage.h">
      <Filter>Header Files</Filter>
    </ClInclude>
    <ClInclude Include="cdximagebase.h">
      <Filter>Header Files</Filter>
    </ClInclude>
    <ClInclude Include="cdximagebmp.h">
      <Filter>Header Files</Filter>
    </ClInclude>
    <ClInclude Include="cdximagejpg.h">
      <Filter>Header Files</Filter>
    </ClInclude>
    <ClInclude Include="cdximagepcx.h">
      <Filter>Header Files</Filter>
    </ClInclude>
    <ClInclude Include="cdximagepng.h">
      <Filter>Header Files</Filter>
    </ClInclude>
    <ClInclude Include="cdximagepsd.h">
      <Filter>Header Files</Filter>
    </ClInclude>
    <ClInclude Include="cdximagetga.h">
      <Filter>Header Files</Filter>
    </ClInclude>
    <ClInclude Include="cdxinput.h">
      <Filter>Header Files</Filter>
    </ClInclude>
    <ClInclude Include="cdxlayer.h">
      <Filter>Header Files</Filter>
    </ClInclude>
    <ClInclude Include="cdxlink.h">
      <Filter>Header Files</Filter>
    </ClInclude>
    <ClInclude Include="cdxlog.h">
      <Filter>Header Files</Filter>
    </ClInclude>
    <ClInclude Include="cdxmap.h">
      <Filter>Header Files</Filter>
    </ClInclude>
    <ClInclude Include="cdxmidi.h">
      <Filter>Header Files</Filter>
    </ClInclude>
    <ClInclude Include="cdxmusic.h">
      <Filter>Header Files</Filter>
    </ClInclude>
    <ClInclude Include="cdxresource.h">
      <Filter>Header Files</Filter>
    </ClInclude>
    <ClInclude Include="cdxscreen.h">
      <Filter>Header Files</Filter>
    </ClInclude>
    <ClInclude Include="cdxsound.h">
      <Filter>Header Files</Filter>
    </ClInclude>
    <ClInclude Include="cdxsprite.h">
      <Filter>Header Files</Filter>
    </ClInclude>
    <ClInclude Include="cdxstructs.h">
      <Filter>Header Files</Filter>
    </ClInclude>
    <ClInclude Include="cdxsurface.h">
      <Filter>Header Files</Filter>
    </ClInclude>
    <ClInclude Include="cdxtile.h">
      <Filter>Header Files</Filter>
    </ClInclude>
    <ClInclude Include="cdxtypes.h">
      <Filter>Header Files</Filter>
    </ClInclude>
  </ItemGroup>
</Project>